
Microsoft Visual Studio Solution File, Format Version 12.00
# Visual Studio Version 17
VisualStudioVersion = 17.2.32616.157
MinimumVisualStudioVersion = 10.0.40219.1
Project("{FAE04EC0-301F-11D3-BF4B-00C04F79EFBC}") = "Bin2Dec", "Bin2Dec\Bin2Dec.csproj", "{BB54E8FD-BF8B-4062-82B2-1A6E9F3C7413}"
EndProject
Global
	GlobalSection(SolutionConfigurationPlatforms) = preSolution
		Debug|Any CPU = Debug|Any CPU
		Release|Any CPU = Release|Any CPU
	EndGlobalSection
	GlobalSection(ProjectConfigurationPlatforms) = postSolution
		{BB54E8FD-BF8B-4062-82B2-1A6E9F3C7413}.Debug|Any CPU.ActiveCfg = Debug|Any CPU
		{BB54E8FD-BF8B-4062-82B2-1A6E9F3C7413}.Debug|Any CPU.Build.0 = Debug|Any CPU
		{BB54E8FD-BF8B-4062-82B2-1A6E9F3C7413}.Release|Any CPU.ActiveCfg = Release|Any CPU
		{BB54E8FD-BF8B-4062-82B2-1A6E9F3C7413}.Release|Any CPU.Build.0 = Release|Any CPU
	EndGlobalSection
	GlobalSection(SolutionProperties) = preSolution
		HideSolutionNode = FALSE
	EndGlobalSection
	GlobalSection(ExtensibilityGlobals) = postSolution
		SolutionGuid = {8C52D2BB-73EE-4924-854E-4AC8487E26E0}
	EndGlobalSection
EndGlobal
